
Microsoft Visual Studio Solution File, Format Version 12.00
# Visual Studio Version 16
VisualStudioVersion = 16.0.34931.43
MinimumVisualStudioVersion = 10.0.40219.1
Project("{F184B08F-C81C-45F6-A57F-5ABD9991F28F}") = "ABM", "ABM\ABM.vbproj", "{785EC286-1C1E-4AFA-B596-BB88B3408710}"
EndProject
Global
	GlobalSection(SolutionConfigurationPlatforms) = preSolution
		Debug|Any CPU = Debug|Any CPU
		Release|Any CPU = Release|Any CPU
	EndGlobalSection
	GlobalSection(ProjectConfigurationPlatforms) = postSolution
		{785EC286-1C1E-4AFA-B596-BB88B3408710}.Debug|Any CPU.ActiveCfg = Debug|Any CPU
		{785EC286-1C1E-4AFA-B596-BB88B3408710}.Debug|Any CPU.Build.0 = Debug|Any CPU
		{785EC286-1C1E-4AFA-B596-BB88B3408710}.Release|Any CPU.ActiveCfg = Release|Any CPU
		{785EC286-1C1E-4AFA-B596-BB88B3408710}.Release|Any CPU.Build.0 = Release|Any CPU
	EndGlobalSection
	GlobalSection(SolutionProperties) = preSolution
		HideSolutionNode = FALSE
	EndGlobalSection
	GlobalSection(ExtensibilityGlobals) = postSolution
		SolutionGuid = {3E232F86-42B0-4430-BFF3-416004AAA481}
	EndGlobalSection
EndGlobal
